
Microsoft Visual Studio Solution File, Format Version 12.00
# Visual Studio Version 17
VisualStudioVersion = 17.8.34322.80
MinimumVisualStudioVersion = 10.0.40219.1
Project("{FAE04EC0-301F-11D3-BF4B-00C04F79EFBC}") = "AudioLibrary.Core", "AudioLibrary\AudioLibrary.Core.csproj", "{7C239F6F-B16D-4165-909B-82E5F9E73AF1}"
EndProject
Project("{FAE04EC0-301F-11D3-BF4B-00C04F79EFBC}") = "AudioLibrary.DefaultImpl", "AudioLibrary.DefaultImpl\AudioLibrary.DefaultImpl.csproj", "{9B1D6859-C76B-448E-8B4B-0DB585082CDD}"
EndProject
Project("{FAE04EC0-301F-11D3-BF4B-00C04F79EFBC}") = "AudioLibrary.DefaultImpl.Tests", "AudioLibrary.DefaultImpl.Tests\AudioLibrary.DefaultImpl.Tests.csproj", "{10B159CF-30D4-4D05-ABB0-D2DE06D0FE26}"
EndProject
Global
	GlobalSection(SolutionConfigurationPlatforms) = preSolution
		Debug|Any CPU = Debug|Any CPU
		Release|Any CPU = Release|Any CPU
	EndGlobalSection
	GlobalSection(ProjectConfigurationPlatforms) = postSolution
		{7C239F6F-B16D-4165-909B-82E5F9E73AF1}.Debug|Any CPU.ActiveCfg = Debug|Any CPU
		{7C239F6F-B16D-4165-909B-82E5F9E73AF1}.Debug|Any CPU.Build.0 = Debug|Any CPU
		{7C239F6F-B16D-4165-909B-82E5F9E73AF1}.Release|Any CPU.ActiveCfg = Release|Any CPU
		{7C239F6F-B16D-4165-909B-82E5F9E73AF1}.Release|Any CPU.Build.0 = Release|Any CPU
		{9B1D6859-C76B-448E-8B4B-0DB585082CDD}.Debug|Any CPU.ActiveCfg = Debug|Any CPU
		{9B1D6859-C76B-448E-8B4B-0DB585082CDD}.Debug|Any CPU.Build.0 = Debug|Any CPU
		{9B1D6859-C76B-448E-8B4B-0DB585082CDD}.Release|Any CPU.ActiveCfg = Release|Any CPU
		{9B1D6859-C76B-448E-8B4B-0DB585082CDD}.Release|Any CPU.Build.0 = Release|Any CPU
		{10B159CF-30D4-4D05-ABB0-D2DE06D0FE26}.Debug|Any CPU.ActiveCfg = Debug|Any CPU
		{10B159CF-30D4-4D05-ABB0-D2DE06D0FE26}.Debug|Any CPU.Build.0 = Debug|Any CPU
		{10B159CF-30D4-4D05-ABB0-D2DE06D0FE26}.Release|Any CPU.ActiveCfg = Release|Any CPU
		{10B159CF-30D4-4D05-ABB0-D2DE06D0FE26}.Release|Any CPU.Build.0 = Release|Any CPU
	EndGlobalSection
	GlobalSection(SolutionProperties) = preSolution
		HideSolutionNode = FALSE
	EndGlobalSection
	GlobalSection(ExtensibilityGlobals) = postSolution
		SolutionGuid = {75D9290D-0792-4D81-9989-633894A9B5A0}
	EndGlobalSection
EndGlobal
